
Microsoft Visual Studio Solution File, Format Version 12.00
# Visual Studio Version 17
VisualStudioVersion = 17.0.31903.59
MinimumVisualStudioVersion = 10.0.40219.1
Project("{2150E333-8FDC-42A3-9474-1A3956D46DE8}") = "tests", "tests", "{0AB3BF05-4346-4AA6-1389-037BE0695223}"
EndProject
Project("{FAE04EC0-301F-11D3-BF4B-00C04F79EFBC}") = "Assistant.UnitTests", "tests\Assistant.UnitTests\Assistant.UnitTests.csproj", "{3F8C4D98-8049-4F1B-B7B8-DF689652AAB9}"
EndProject
Project("{FAE04EC0-301F-11D3-BF4B-00C04F79EFBC}") = "Assistant.IntegrationTests", "tests\Assistant.IntegrationTests\Assistant.IntegrationTests.csproj", "{9909E494-7C05-4BB3-86A1-EDF67D7D2AFB}"
EndProject
Project("{2150E333-8FDC-42A3-9474-1A3956D46DE8}") = "src", "src", "{827E0CD3-B72D-47B6-A68D-7590B98EB39B}"
EndProject
Project("{FAE04EC0-301F-11D3-BF4B-00C04F79EFBC}") = "Assistant.Repository", "src\Assistant.Repository\Assistant.Repository.csproj", "{3B1A24DB-34AC-488E-902A-C05420C443EB}"
EndProject
Project("{FAE04EC0-301F-11D3-BF4B-00C04F79EFBC}") = "Assistant.Worker", "src\Assistant.Worker\Assistant.Worker.csproj", "{A5235928-9EEE-4151-AFC3-B8463D357E6B}"
EndProject
Project("{FAE04EC0-301F-11D3-BF4B-00C04F79EFBC}") = "Assistant.Impl", "src\Assistant.Impl\Assistant.Impl.csproj", "{D378BB10-6D43-474D-A5AE-ACC3137043E3}"
EndProject
Project("{FAE04EC0-301F-11D3-BF4B-00C04F79EFBC}") = "Assistant.Models", "src\Assistant.Models\Assistant.Models.csproj", "{E7004785-996E-426B-AE32-AC997DE04BD5}"
EndProject
Project("{FAE04EC0-301F-11D3-BF4B-00C04F79EFBC}") = "Assistant.Contracts", "src\Assistant.Contracts\Assistant.Contracts.csproj", "{40D95441-54FE-404F-A361-AB65769880D4}"
EndProject
Project("{FAE04EC0-301F-11D3-BF4B-00C04F79EFBC}") = "Assistant.Interfaces", "src\Assistant.Interfaces\Assistant.Interfaces.csproj", "{C1C5E74A-8CD9-46B0-B605-0D6A9BFCCB8F}"
EndProject
Global
	GlobalSection(SolutionConfigurationPlatforms) = preSolution
		Debug|Any CPU = Debug|Any CPU
		Debug|x64 = Debug|x64
		Debug|x86 = Debug|x86
		Release|Any CPU = Release|Any CPU
		Release|x64 = Release|x64
		Release|x86 = Release|x86
	EndGlobalSection
	GlobalSection(ProjectConfigurationPlatforms) = postSolution
		{3F8C4D98-8049-4F1B-B7B8-DF689652AAB9}.Debug|Any CPU.ActiveCfg = Debug|Any CPU
		{3F8C4D98-8049-4F1B-B7B8-DF689652AAB9}.Debug|Any CPU.Build.0 = Debug|Any CPU
		{3F8C4D98-8049-4F1B-B7B8-DF689652AAB9}.Debug|x64.ActiveCfg = Debug|Any CPU
		{3F8C4D98-8049-4F1B-B7B8-DF689652AAB9}.Debug|x64.Build.0 = Debug|Any CPU
		{3F8C4D98-8049-4F1B-B7B8-DF689652AAB9}.Debug|x86.ActiveCfg = Debug|Any CPU
		{3F8C4D98-8049-4F1B-B7B8-DF689652AAB9}.Debug|x86.Build.0 = Debug|Any CPU
		{3F8C4D98-8049-4F1B-B7B8-DF689652AAB9}.Release|Any CPU.ActiveCfg = Release|Any CPU
		{3F8C4D98-8049-4F1B-B7B8-DF689652AAB9}.Release|Any CPU.Build.0 = Release|Any CPU
		{3F8C4D98-8049-4F1B-B7B8-DF689652AAB9}.Release|x64.ActiveCfg = Release|Any CPU
		{3F8C4D98-8049-4F1B-B7B8-DF689652AAB9}.Release|x64.Build.0 = Release|Any CPU
		{3F8C4D98-8049-4F1B-B7B8-DF689652AAB9}.Release|x86.ActiveCfg = Release|Any CPU
		{3F8C4D98-8049-4F1B-B7B8-DF689652AAB9}.Release|x86.Build.0 = Release|Any CPU
		{9909E494-7C05-4BB3-86A1-EDF67D7D2AFB}.Debug|Any CPU.ActiveCfg = Debug|Any CPU
		{9909E494-7C05-4BB3-86A1-EDF67D7D2AFB}.Debug|Any CPU.Build.0 = Debug|Any CPU
		{9909E494-7C05-4BB3-86A1-EDF67D7D2AFB}.Debug|x64.ActiveCfg = Debug|Any CPU
		{9909E494-7C05-4BB3-86A1-EDF67D7D2AFB}.Debug|x64.Build.0 = Debug|Any CPU
		{9909E494-7C05-4BB3-86A1-EDF67D7D2AFB}.Debug|x86.ActiveCfg = Debug|Any CPU
		{9909E494-7C05-4BB3-86A1-EDF67D7D2AFB}.Debug|x86.Build.0 = Debug|Any CPU
		{9909E494-7C05-4BB3-86A1-EDF67D7D2AFB}.Release|Any CPU.ActiveCfg = Release|Any CPU
		{9909E494-7C05-4BB3-86A1-EDF67D7D2AFB}.Release|Any CPU.Build.0 = Release|Any CPU
		{9909E494-7C05-4BB3-86A1-EDF67D7D2AFB}.Release|x64.ActiveCfg = Release|Any CPU
		{9909E494-7C05-4BB3-86A1-EDF67D7D2AFB}.Release|x64.Build.0 = Release|Any CPU
		{9909E494-7C05-4BB3-86A1-EDF67D7D2AFB}.Release|x86.ActiveCfg = Release|Any CPU
		{9909E494-7C05-4BB3-86A1-EDF67D7D2AFB}.Release|x86.Build.0 = Release|Any CPU
		{3B1A24DB-34AC-488E-902A-C05420C443EB}.Debug|Any CPU.ActiveCfg = Debug|Any CPU
		{3B1A24DB-34AC-488E-902A-C05420C443EB}.Debug|Any CPU.Build.0 = Debug|Any CPU
		{3B1A24DB-34AC-488E-902A-C05420C443EB}.Debug|x64.ActiveCfg = Debug|Any CPU
		{3B1A24DB-34AC-488E-902A-C05420C443EB}.Debug|x64.Build.0 = Debug|Any CPU
		{3B1A24DB-34AC-488E-902A-C05420C443EB}.Debug|x86.ActiveCfg = Debug|Any CPU
		{3B1A24DB-34AC-488E-902A-C05420C443EB}.Debug|x86.Build.0 = Debug|Any CPU
		{3B1A24DB-34AC-488E-902A-C05420C443EB}.Release|Any CPU.ActiveCfg = Release|Any CPU
		{3B1A24DB-34AC-488E-902A-C05420C443EB}.Release|Any CPU.Build.0 = Release|Any CPU
		{3B1A24DB-34AC-488E-902A-C05420C443EB}.Release|x64.ActiveCfg = Release|Any CPU
		{3B1A24DB-34AC-488E-902A-C05420C443EB}.Release|x64.Build.0 = Release|Any CPU
		{3B1A24DB-34AC-488E-902A-C05420C443EB}.Release|x86.ActiveCfg = Release|Any CPU
		{3B1A24DB-34AC-488E-902A-C05420C443EB}.Release|x86.Build.0 = Release|Any CPU
		{A5235928-9EEE-4151-AFC3-B8463D357E6B}.Debug|Any CPU.ActiveCfg = Debug|Any CPU
		{A5235928-9EEE-4151-AFC3-B8463D357E6B}.Debug|Any CPU.Build.0 = Debug|Any CPU
		{A5235928-9EEE-4151-AFC3-B8463D357E6B}.Debug|x64.ActiveCfg = Debug|Any CPU
		{A5235928-9EEE-4151-AFC3-B8463D357E6B}.Debug|x64.Build.0 = Debug|Any CPU
		{A5235928-9EEE-4151-AFC3-B8463D357E6B}.Debug|x86.ActiveCfg = Debug|Any CPU
		{A5235928-9EEE-4151-AFC3-B8463D357E6B}.Debug|x86.Build.0 = Debug|Any CPU
		{A5235928-9EEE-4151-AFC3-B8463D357E6B}.Release|Any CPU.ActiveCfg = Release|Any CPU
		{A5235928-9EEE-4151-AFC3-B8463D357E6B}.Release|Any CPU.Build.0 = Release|Any CPU
		{A5235928-9EEE-4151-AFC3-B8463D357E6B}.Release|x64.ActiveCfg = Release|Any CPU
		{A5235928-9EEE-4151-AFC3-B8463D357E6B}.Release|x64.Build.0 = Release|Any CPU
		{A5235928-9EEE-4151-AFC3-B8463D357E6B}.Release|x86.ActiveCfg = Release|Any CPU
		{A5235928-9EEE-4151-AFC3-B8463D357E6B}.Release|x86.Build.0 = Release|Any CPU
		{D378BB10-6D43-474D-A5AE-ACC3137043E3}.Debug|Any CPU.ActiveCfg = Debug|Any CPU
		{D378BB10-6D43-474D-A5AE-ACC3137043E3}.Debug|Any CPU.Build.0 = Debug|Any CPU
		{D378BB10-6D43-474D-A5AE-ACC3137043E3}.Debug|x64.ActiveCfg = Debug|Any CPU
		{D378BB10-6D43-474D-A5AE-ACC3137043E3}.Debug|x64.Build.0 = Debug|Any CPU
		{D378BB10-6D43-474D-A5AE-ACC3137043E3}.Debug|x86.ActiveCfg = Debug|Any CPU
		{D378BB10-6D43-474D-A5AE-ACC3137043E3}.Debug|x86.Build.0 = Debug|Any CPU
		{D378BB10-6D43-474D-A5AE-ACC3137043E3}.Release|Any CPU.ActiveCfg = Release|Any CPU
		{D378BB10-6D43-474D-A5AE-ACC3137043E3}.Release|Any CPU.Build.0 = Release|Any CPU
		{D378BB10-6D43-474D-A5AE-ACC3137043E3}.Release|x64.ActiveCfg = Release|Any CPU
		{D378BB10-6D43-474D-A5AE-ACC3137043E3}.Release|x64.Build.0 = Release|Any CPU
		{D378BB10-6D43-474D-A5AE-ACC3137043E3}.Release|x86.ActiveCfg = Release|Any CPU
		{D378BB10-6D43-474D-A5AE-ACC3137043E3}.Release|x86.Build.0 = Release|Any CPU
		{E7004785-996E-426B-AE32-AC997DE04BD5}.Debug|Any CPU.ActiveCfg = Debug|Any CPU
		{E7004785-996E-426B-AE32-AC997DE04BD5}.Debug|Any CPU.Build.0 = Debug|Any CPU
		{E7004785-996E-426B-AE32-AC997DE04BD5}.Debug|x64.ActiveCfg = Debug|Any CPU
		{E7004785-996E-426B-AE32-AC997DE04BD5}.Debug|x64.Build.0 = Debug|Any CPU
		{E7004785-996E-426B-AE32-AC997DE04BD5}.Debug|x86.ActiveCfg = Debug|Any CPU
		{E7004785-996E-426B-AE32-AC997DE04BD5}.Debug|x86.Build.0 = Debug|Any CPU
		{E7004785-996E-426B-AE32-AC997DE04BD5}.Release|Any CPU.ActiveCfg = Release|Any CPU
		{E7004785-996E-426B-AE32-AC997DE04BD5}.Release|Any CPU.Build.0 = Release|Any CPU
		{E7004785-996E-426B-AE32-AC997DE04BD5}.Release|x64.ActiveCfg = Release|Any CPU
		{E7004785-996E-426B-AE32-AC997DE04BD5}.Release|x64.Build.0 = Release|Any CPU
		{E7004785-996E-426B-AE32-AC997DE04BD5}.Release|x86.ActiveCfg = Release|Any CPU
		{E7004785-996E-426B-AE32-AC997DE04BD5}.Release|x86.Build.0 = Release|Any CPU
		{40D95441-54FE-404F-A361-AB65769880D4}.Debug|Any CPU.ActiveCfg = Debug|Any CPU
		{40D95441-54FE-404F-A361-AB65769880D4}.Debug|Any CPU.Build.0 = Debug|Any CPU
		{40D95441-54FE-404F-A361-AB65769880D4}.Debug|x64.ActiveCfg = Debug|Any CPU
		{40D95441-54FE-404F-A361-AB65769880D4}.Debug|x64.Build.0 = Debug|Any CPU
		{40D95441-54FE-404F-A361-AB65769880D4}.Debug|x86.ActiveCfg = Debug|Any CPU
		{40D95441-54FE-404F-A361-AB65769880D4}.Debug|x86.Build.0 = Debug|Any CPU
		{40D95441-54FE-404F-A361-AB65769880D4}.Release|Any CPU.ActiveCfg = Release|Any CPU
		{40D95441-54FE-404F-A361-AB65769880D4}.Release|Any CPU.Build.0 = Release|Any CPU
		{40D95441-54FE-404F-A361-AB65769880D4}.Release|x64.ActiveCfg = Release|Any CPU
		{40D95441-54FE-404F-A361-AB65769880D4}.Release|x64.Build.0 = Release|Any CPU
		{40D95441-54FE-404F-A361-AB65769880D4}.Release|x86.ActiveCfg = Release|Any CPU
		{40D95441-54FE-404F-A361-AB65769880D4}.Release|x86.Build.0 = Release|Any CPU
		{C1C5E74A-8CD9-46B0-B605-0D6A9BFCCB8F}.Debug|Any CPU.ActiveCfg = Debug|Any CPU
		{C1C5E74A-8CD9-46B0-B605-0D6A9BFCCB8F}.Debug|Any CPU.Build.0 = Debug|Any CPU
		{C1C5E74A-8CD9-46B0-B605-0D6A9BFCCB8F}.Debug|x64.ActiveCfg = Debug|Any CPU
		{C1C5E74A-8CD9-46B0-B605-0D6A9BFCCB8F}.Debug|x64.Build.0 = Debug|Any CPU
		{C1C5E74A-8CD9-46B0-B605-0D6A9BFCCB8F}.Debug|x86.ActiveCfg = Debug|Any CPU
		{C1C5E74A-8CD9-46B0-B605-0D6A9BFCCB8F}.Debug|x86.Build.0 = Debug|Any CPU
		{C1C5E74A-8CD9-46B0-B605-0D6A9BFCCB8F}.Release|Any CPU.ActiveCfg = Release|Any CPU
		{C1C5E74A-8CD9-46B0-B605-0D6A9BFCCB8F}.Release|Any CPU.Build.0 = Release|Any CPU
		{C1C5E74A-8CD9-46B0-B605-0D6A9BFCCB8F}.Release|x64.ActiveCfg = Release|Any CPU
		{C1C5E74A-8CD9-46B0-B605-0D6A9BFCCB8F}.Release|x64.Build.0 = Release|Any CPU
		{C1C5E74A-8CD9-46B0-B605-0D6A9BFCCB8F}.Release|x86.ActiveCfg = Release|Any CPU
		{C1C5E74A-8CD9-46B0-B605-0D6A9BFCCB8F}.Release|x86.Build.0 = Release|Any CPU
	EndGlobalSection
	GlobalSection(SolutionProperties) = preSolution
		HideSolutionNode = FALSE
	EndGlobalSection
	GlobalSection(NestedProjects) = preSolution
		{3F8C4D98-8049-4F1B-B7B8-DF689652AAB9} = {0AB3BF05-4346-4AA6-1389-037BE0695223}
		{9909E494-7C05-4BB3-86A1-EDF67D7D2AFB} = {0AB3BF05-4346-4AA6-1389-037BE0695223}
		{3B1A24DB-34AC-488E-902A-C05420C443EB} = {827E0CD3-B72D-47B6-A68D-7590B98EB39B}
		{A5235928-9EEE-4151-AFC3-B8463D357E6B} = {827E0CD3-B72D-47B6-A68D-7590B98EB39B}
		{D378BB10-6D43-474D-A5AE-ACC3137043E3} = {827E0CD3-B72D-47B6-A68D-7590B98EB39B}
		{E7004785-996E-426B-AE32-AC997DE04BD5} = {827E0CD3-B72D-47B6-A68D-7590B98EB39B}
		{40D95441-54FE-404F-A361-AB65769880D4} = {827E0CD3-B72D-47B6-A68D-7590B98EB39B}
		{C1C5E74A-8CD9-46B0-B605-0D6A9BFCCB8F} = {827E0CD3-B72D-47B6-A68D-7590B98EB39B}
	EndGlobalSection
EndGlobal
